
Microsoft Visual Studio Solution File, Format Version 12.00
# Visual Studio Version 16
VisualStudioVersion = 16.0.31410.357
MinimumVisualStudioVersion = 10.0.40219.1
Project("{FAE04EC0-301F-11D3-BF4B-00C04F79EFBC}") = "NautilusInstaller", "NautilusInstaller.csproj", "{BF1DA1E5-3007-4658-973A-F77F80F5D4AE}"
EndProject
Global
	GlobalSection(SolutionConfigurationPlatforms) = preSolution
		Debug|Any CPU = Debug|Any CPU
		Release|Any CPU = Release|Any CPU
	EndGlobalSection
	GlobalSection(ProjectConfigurationPlatforms) = postSolution
		{BF1DA1E5-3007-4658-973A-F77F80F5D4AE}.Debug|Any CPU.ActiveCfg = Debug|Any CPU
		{BF1DA1E5-3007-4658-973A-F77F80F5D4AE}.Debug|Any CPU.Build.0 = Debug|Any CPU
		{BF1DA1E5-3007-4658-973A-F77F80F5D4AE}.Release|Any CPU.ActiveCfg = Release|Any CPU
		{BF1DA1E5-3007-4658-973A-F77F80F5D4AE}.Release|Any CPU.Build.0 = Release|Any CPU
	EndGlobalSection
	GlobalSection(SolutionProperties) = preSolution
		HideSolutionNode = FALSE
	EndGlobalSection
	GlobalSection(ExtensibilityGlobals) = postSolution
		SolutionGuid = {A8C14ED8-EF5A-4607-83FA-9C637507BD59}
	EndGlobalSection
EndGlobal
